<?xml version="1.0" encoding="utf-8"?>
<Project ToolsVersion="4.0" xmlns="http://schemas.microsoft.com/developer/msbuild/2003">
  <ItemGroup>
    <Filter Include="app">
      <UniqueIdentifier>{2ebe35dd-8558-4b55-b528-aea6d852abd2}</UniqueIdentifier>
    </Filter>
    <Filter Include="wui">
      <UniqueIdentifier>{7d86510b-55d7-466b-81ef-8bba3be869c3}</UniqueIdentifier>
    </Filter>
    <Filter Include="res">
      <UniqueIdentifier>{3f15d02b-272f-49a7-88e0-5b83aca8b1ec}</UniqueIdentifier>
    </Filter>
    <Filter Include="app\Window">
      <UniqueIdentifier>{76a0c010-c384-406b-a6e9-b63c0b796fc3}</UniqueIdentifier>
    </Filter>
  </ItemGroup>
  <ItemGroup>
    <ClInclude Include="app\framework.hpp">
      <Filter>app</Filter>
    </ClInclude>
    <ClInclude Include="app\Main.hpp">
      <Filter>app</Filter>
    </ClInclude>
    <ClInclude Include="app\pch.hpp">
      <Filter>app</Filter>
    </ClInclude>
    <ClInclude Include="wui\AppModule.hpp">
      <Filter>wui</Filter>
    </ClInclude>
    <ClInclude Include="wui\BaseWindow.hpp">
      <Filter>wui</Filter>
    </ClInclude>
    <ClInclude Include="app\Window\MainFrame.hpp">
      <Filter>app\Window</Filter>
    </ClInclude>
    <ClInclude Include="app\Window\pch.hpp">
      <Filter>app\Window</Filter>
    </ClInclude>
    <ClInclude Include="wui\pch.hpp">
      <Filter>wui</Filter>
    </ClInclude>
    <ClInclude Include="res\Resource.h">
      <Filter>res</Filter>
    </ClInclude>
    <ClInclude Include="wui\MessageMapWindow.hpp">
      <Filter>wui</Filter>
    </ClInclude>
    <ClInclude Include="wui\Window.hpp">
      <Filter>wui</Filter>
    </ClInclude>
    <ClInclude Include="wui\WindowClass.hpp">
      <Filter>wui</Filter>
    </ClInclude>
    <ClInclude Include="wui\WindowMessage.hpp">
      <Filter>wui</Filter>
    </ClInclude>
    <ClInclude Include="wui\WindowMessageHandler.hpp">
      <Filter>wui</Filter>
    </ClInclude>
    <ClInclude Include="wui\WindowMessageLoop.hpp">
      <Filter>wui</Filter>
    </ClInclude>
    <ClInclude Include="wui\WindowMessageMap.hpp">
      <Filter>wui</Filter>
    </ClInclude>
    <ClInclude Include="wui\WindowProc.hpp">
      <Filter>wui</Filter>
    </ClInclude>
    <ClInclude Include="wui\WindowStyle.hpp">
      <Filter>wui</Filter>
    </ClInclude>
    <ClInclude Include="wui\wui.hpp">
      <Filter>wui</Filter>
    </ClInclude>
    <ClInclude Include="wui\WindowMessageCrack.hpp">
      <Filter>wui</Filter>
    </ClInclude>
    <ClInclude Include="wui\Coord.hpp">
      <Filter>wui</Filter>
    </ClInclude>
    <ClInclude Include="wui\DC.hpp">
      <Filter>wui</Filter>
    </ClInclude>
    <ClInclude Include="wui\DCFunction.hpp">
      <Filter>wui</Filter>
    </ClInclude>
    <ClInclude Include="wui\WindowFunction.hpp">
      <Filter>wui</Filter>
    </ClInclude>
    <ClInclude Include="wui\GDIObject.hpp">
      <Filter>wui</Filter>
    </ClInclude>
    <ClInclude Include="wui\ResFunction.hpp">
      <Filter>wui</Filter>
    </ClInclude>
    <ClInclude Include="app\Window\AboutBox.hpp">
      <Filter>app\Window</Filter>
    </ClInclude>
    <ClInclude Include="wui\DialogTemplate.hpp">
      <Filter>wui</Filter>
    </ClInclude>
    <ClInclude Include="app\Window\MyBox.hpp">
      <Filter>app\Window</Filter>
    </ClInclude>
  </ItemGroup>
  <ItemGroup>
    <ClCompile Include="app\Main.cpp">
      <Filter>app</Filter>
    </ClCompile>
    <ClCompile Include="app\pch.cpp">
      <Filter>app</Filter>
    </ClCompile>
    <ClCompile Include="wui\AppModule.cpp">
      <Filter>wui</Filter>
    </ClCompile>
    <ClCompile Include="wui\BaseWindow.cpp">
      <Filter>wui</Filter>
    </ClCompile>
    <ClCompile Include="app\Window\MainFrame.cpp">
      <Filter>app\Window</Filter>
    </ClCompile>
    <ClCompile Include="wui\Window.cpp">
      <Filter>wui</Filter>
    </ClCompile>
    <ClCompile Include="wui\WindowClass.cpp">
      <Filter>wui</Filter>
    </ClCompile>
    <ClCompile Include="wui\WindowMessage.cpp">
      <Filter>wui</Filter>
    </ClCompile>
    <ClCompile Include="wui\WindowMessageLoop.cpp">
      <Filter>wui</Filter>
    </ClCompile>
    <ClCompile Include="wui\WindowProc.cpp">
      <Filter>wui</Filter>
    </ClCompile>
    <ClCompile Include="wui\WindowMessageCrack.cpp">
      <Filter>wui</Filter>
    </ClCompile>
    <ClCompile Include="wui\Coord.cpp">
      <Filter>wui</Filter>
    </ClCompile>
    <ClCompile Include="wui\DC.cpp">
      <Filter>wui</Filter>
    </ClCompile>
    <ClCompile Include="wui\DCFunction.cpp">
      <Filter>wui</Filter>
    </ClCompile>
    <ClCompile Include="wui\WindowFunction.cpp">
      <Filter>wui</Filter>
    </ClCompile>
    <ClCompile Include="wui\GDIObject.cpp">
      <Filter>wui</Filter>
    </ClCompile>
    <ClCompile Include="wui\ResFunction.cpp">
      <Filter>wui</Filter>
    </ClCompile>
    <ClCompile Include="wui\DialogTemplate.cpp">
      <Filter>wui</Filter>
    </ClCompile>
    <ClCompile Include="app\Window\MyBox.cpp">
      <Filter>app\Window</Filter>
    </ClCompile>
  </ItemGroup>
  <ItemGroup>
    <Image Include="res\small.ico">
      <Filter>res</Filter>
    </Image>
    <Image Include="res\WindowApplication.ico">
      <Filter>res</Filter>
    </Image>
  </ItemGroup>
  <ItemGroup>
    <ResourceCompile Include="res\WindowApplication.rc">
      <Filter>res</Filter>
    </ResourceCompile>
  </ItemGroup>
</Project>